
Microsoft Visual Studio Solution File, Format Version 12.00
# Visual Studio Version 16
VisualStudioVersion = 16.0.30804.86
MinimumVisualStudioVersion = 10.0.40219.1
Project("{FAE04EC0-301F-11D3-BF4B-00C04F79EFBC}") = "Culture_kg", "Culture_kg\Culture_kg.csproj", "{5B319C85-9682-4577-AF3C-559A20CD231A}"
EndProject
Global
	GlobalSection(SolutionConfigurationPlatforms) = preSolution
		Debug|Any CPU = Debug|Any CPU
		Release|Any CPU = Release|Any CPU
	EndGlobalSection
	GlobalSection(ProjectConfigurationPlatforms) = postSolution
		{5B319C85-9682-4577-AF3C-559A20CD231A}.Debug|Any CPU.ActiveCfg = Debug|Any CPU
		{5B319C85-9682-4577-AF3C-559A20CD231A}.Debug|Any CPU.Build.0 = Debug|Any CPU
		{5B319C85-9682-4577-AF3C-559A20CD231A}.Release|Any CPU.ActiveCfg = Release|Any CPU
		{5B319C85-9682-4577-AF3C-559A20CD231A}.Release|Any CPU.Build.0 = Release|Any CPU
	EndGlobalSection
	GlobalSection(SolutionProperties) = preSolution
		HideSolutionNode = FALSE
	EndGlobalSection
	GlobalSection(ExtensibilityGlobals) = postSolution
		SolutionGuid = {1C029F5A-EF12-40D9-B196-9C5AA631C26B}
	EndGlobalSection
EndGlobal
